{
	"name": "hear",
	"version": "1.0.1",
	"lockfileVersion": 1,
	"requires": true,
	"dependencies": {
		"ijsbridge": {
			"version": "1.4.8",
			"resolved": "https://r.cnpmjs.org/ijsbridge/download/ijsbridge-1.4.8.tgz",
			"integrity": "sha1-WcSubolnXdZhqSjEiD0OOmugQJ4="
		},
		"weixin-js-sdk": {
			"version": "1.6.0",
			"resolved": "https://r.cnpmjs.org/weixin-js-sdk/download/weixin-js-sdk-1.6.0.tgz",
			"integrity": "sha1-/1BITYEYzhII8RJIz0ocCDFXdRQ="
		}
	}
}
