{
	"name": "hear",
	"version": "1.0.1",
	"lockfileVersion": 1,
	"requires": true,
	"dependencies": {
		"axios": {
			"version": "0.20.0",
			"resolved": "https://registry.npmjs.org/axios/-/axios-0.20.0.tgz",
			"integrity": "sha512-ANA4rr2BDcmmAQLOKft2fufrtuvlqR+cXNNinUmvfeSNCOF98PZL+7M/v1zIdGo7OLjEA9J2gXJL+j4zGsl0bA==",
			"requires": {
				"follow-redirects": "^1.10.0"
			}
		},
		"follow-redirects": {
			"version": "1.13.0",
			"resolved": "https://registry.npmjs.org/follow-redirects/-/follow-redirects-1.13.0.tgz",
			"integrity": "sha512-aq6gF1BEKje4a9i9+5jimNFIpq4Q1WiwBToeRK5NvZBd/TRsmW8BsJfOEGkr76TbOyPVD3OVDN910EcUNtRYEA=="
		},
		"ijsbridge": {
			"version": "1.4.8",
			"resolved": "https://r.cnpmjs.org/ijsbridge/download/ijsbridge-1.4.8.tgz",
			"integrity": "sha1-WcSubolnXdZhqSjEiD0OOmugQJ4="
		},
		"jquery": {
			"version": "3.5.1",
			"resolved": "https://registry.npmjs.org/jquery/-/jquery-3.5.1.tgz",
			"integrity": "sha512-XwIBPqcMn57FxfT+Go5pzySnm4KWkT1Tv7gjrpT1srtf8Weynl6R273VJ5GjkRb51IzMp5nbaPjJXMWeju2MKg=="
		},
		"js-cookie": {
			"version": "2.2.1",
			"resolved": "https://registry.npmjs.org/js-cookie/-/js-cookie-2.2.1.tgz",
			"integrity": "sha512-HvdH2LzI/EAZcUwA8+0nKNtWHqS+ZmijLA30RwZA0bo7ToCckjK5MkGhjED9KoRcXO6BaGI3I9UIzSA1FKFPOQ=="
		},
		"weixin-js-sdk": {
			"version": "1.6.0",
			"resolved": "https://r.cnpmjs.org/weixin-js-sdk/download/weixin-js-sdk-1.6.0.tgz",
			"integrity": "sha1-/1BITYEYzhII8RJIz0ocCDFXdRQ="
		},
		"yx-drawer": {
			"version": "1.0.0",
			"resolved": "https://registry.npmjs.org/yx-drawer/-/yx-drawer-1.0.0.tgz",
			"integrity": "sha512-3oWraUcmPhydzs2TtyhpsX7uA6qL1nQM/gMsh3/2utHikbyKT/lVwxQiq7gVcMrq+Q5uv+XO9DyktLXkTUbh+Q=="
		}
	}
}
